{
  "name": "vs2",
  "lockfileVersion": 3,
  "requires": true,
  "packages": {
    "": {
      "dependencies": {
        "extract-json-from-string": "^1.0.1",
        "latenz": "^0.2.4",
        "ws": "^8.14.2"
      }
    },
    "node_modules/extract-json-from-string": {
      "version": "1.0.1",
      "resolved": "https://registry.npmjs.org/extract-json-from-string/-/extract-json-from-string-1.0.1.tgz",
      "integrity": "sha512-xfQOSFYbELVs9QVkKsV9FZAjlAmXQ2SLR6FpfFX1kpn4QAvaGBJlrnVOblMLwrLPYc26H+q9qxo6JTd4E7AwgQ==",
      "engines": {
        "node": ">=0.10.0"
      }
    },
    "node_modules/latenz": {
      "version": "0.2.4",
      "resolved": "https://registry.npmjs.org/latenz/-/latenz-0.2.4.tgz",
      "integrity": "sha512-sp9sblkUcMAGLpUaVvGAnMWgT/cwMgOyHIP8P5z/6tPg+U2HnHbi5pcjeF/cI/zOx2TTNAmJ1qOoHfY6k1gOkw==",
      "dependencies": {
        "stopper": "^0.4.1"
      },
      "bin": {
        "latenz": "bin/latenz"
      },
      "engines": {
        "node": ">=4.4.0"
      }
    },
    "node_modules/stopper": {
      "version": "0.4.3",
      "resolved": "https://registry.npmjs.org/stopper/-/stopper-0.4.3.tgz",
      "integrity": "sha512-xtudZ6tZjSXssHwWqsx6ukwaC5rkkz/Y1H7WqR3jY3g+5U/s9gpOpSltzKqhLxpSTGrNzi0+2oXEVb1PkOfmsA==",
      "engines": {
        "node": ">=4.4.0"
      }
    },
    "node_modules/ws": {
      "version": "8.17.0",
      "resolved": "https://registry.npmjs.org/ws/-/ws-8.17.0.tgz",
      "integrity": "sha512-uJq6108EgZMAl20KagGkzCKfMEjxmKvZHG7Tlq0Z6nOky7YF7aq4mOx6xK8TJ/i1LeK4Qus7INktacctDgY8Ow==",
      "engines": {
        "node": ">=10.0.0"
      },
      "peerDependencies": {
        "bufferutil": "^4.0.1",
        "utf-8-validate": ">=5.0.2"
      },
      "peerDependenciesMeta": {
        "bufferutil": {
          "optional": true
        },
        "utf-8-validate": {
          "optional": true
        }
      }
    }
  }
}
